
Microsoft Visual Studio Solution File, Format Version 12.00
# Visual Studio 15
VisualStudioVersion = 15.0.28307.168
MinimumVisualStudioVersion = 10.0.40219.1
Project("{FAE04EC0-301F-11D3-BF4B-00C04F79EFBC}") = "Lab07Trees", "Lab07Trees\Lab07Trees.csproj", "{ACB2EA58-BB78-4D6E-9E7F-F7875800F672}"
EndProject
Global
	GlobalSection(SolutionConfigurationPlatforms) = preSolution
		Debug|Any CPU = Debug|Any CPU
		Release|Any CPU = Release|Any CPU
	EndGlobalSection
	GlobalSection(ProjectConfigurationPlatforms) = postSolution
		{ACB2EA58-BB78-4D6E-9E7F-F7875800F672}.Debug|Any CPU.ActiveCfg = Debug|Any CPU
		{ACB2EA58-BB78-4D6E-9E7F-F7875800F672}.Debug|Any CPU.Build.0 = Debug|Any CPU
		{ACB2EA58-BB78-4D6E-9E7F-F7875800F672}.Release|Any CPU.ActiveCfg = Release|Any CPU
		{ACB2EA58-BB78-4D6E-9E7F-F7875800F672}.Release|Any CPU.Build.0 = Release|Any CPU
	EndGlobalSection
	GlobalSection(SolutionProperties) = preSolution
		HideSolutionNode = FALSE
	EndGlobalSection
	GlobalSection(ExtensibilityGlobals) = postSolution
		SolutionGuid = {DD681F2E-EA5A-4CBB-A245-9D5C9AE7965A}
	EndGlobalSection
EndGlobal
